
Microsoft Visual Studio Solution File, Format Version 12.00
# Visual Studio 14
VisualStudioVersion = 14.0.23107.0
MinimumVisualStudioVersion = 14.0.23107.0
Project("{FAE04EC0-301F-11D3-BF4B-00C04F79EFBC}") = "XenkoByteSized.Windows", "XenkoByteSized.Windows\XenkoByteSized.Windows.csproj", "{EB346522-5741-427C-9CC5-16D4E5C83F13}"
EndProject
Project("{FAE04EC0-301F-11D3-BF4B-00C04F79EFBC}") = "XenkoByteSized", "XenkoByteSized\XenkoByteSized.csproj", "{BA32BD44-3ECB-4E22-9D74-F1EED2B1CEE5}"
EndProject
Project("{FAE04EC0-301F-11D3-BF4B-00C04F79EFBC}") = "XenkoByteSized.Linux", "XenkoByteSized.Linux\XenkoByteSized.Linux.csproj", "{9A9E57D5-8B7E-4F6C-A044-EF40581AFC28}"
EndProject
Project("{FAE04EC0-301F-11D3-BF4B-00C04F79EFBC}") = "XenkoByteSized.macOS", "XenkoByteSized.macOS\XenkoByteSized.macOS.csproj", "{1A760487-DAAF-435C-A176-D71AC39A6557}"
EndProject
Global
EndGlobal
